// !$*UTF8*$!
{
	archiveVersion = 1;
	classes = {
	};
	objectVersion = 56;
	objects = {

/* Begin PBXBuildFile section */
		E911CE472B5076C200AC904F /* Recognize_TextApp.swift in Sources */ = {isa = PBXBuildFile; fileRef = E911CE462B5076C200AC904F /* Recognize_TextApp.swift */; };
		E911CE492B5076C200AC904F /* StartScanningView.swift in Sources */ = {isa = PBXBuildFile; fileRef = E911CE482B5076C200AC904F /* StartScanningView.swift */; };
		E911CE4B2B5076C300AC904F /* Assets.xcassets in Resources */ = {isa = PBXBuildFile; fileRef = E911CE4A2B5076C300AC904F /* Assets.xcassets */; };
		E911CE4E2B5076C300AC904F /* Preview Assets.xcassets in Resources */ = {isa = PBXBuildFile; fileRef = E911CE4D2B5076C300AC904F /* Preview Assets.xcassets */; };
		E911CE592B51A07B00AC904F /* StartButton.swift in Sources */ = {isa = PBXBuildFile; fileRef = E911CE582B51A07B00AC904F /* StartButton.swift */; };
		E911CE5B2B51A24D00AC904F /* Colors.xcassets in Resources */ = {isa = PBXBuildFile; fileRef = E911CE5A2B51A24D00AC904F /* Colors.xcassets */; };
		E911CE5E2B52F28500AC904F /* StartScanningViewModel.swift in Sources */ = {isa = PBXBuildFile; fileRef = E911CE5D2B52F28500AC904F /* StartScanningViewModel.swift */; };
		E911CE612B5307D200AC904F /* DocumentCameraView.swift in Sources */ = {isa = PBXBuildFile; fileRef = E911CE602B5307D200AC904F /* DocumentCameraView.swift */; };
/* End PBXBuildFile section */

/* Begin PBXFileReference section */
		E911CE432B5076C200AC904F /* Recognize-Text.app */ = {isa = PBXFileReference; explicitFileType = wrapper.application; includeInIndex = 0; path = "Recognize-Text.app"; sourceTree = BUILT_PRODUCTS_DIR; };
		E911CE462B5076C200AC904F /* Recognize_TextApp.swift */ = {isa = PBXFileReference; lastKnownFileType = sourcecode.swift; path = Recognize_TextApp.swift; sourceTree = "<group>"; };
		E911CE482B5076C200AC904F /* StartScanningView.swift */ = {isa = PBXFileReference; lastKnownFileType = sourcecode.swift; path = StartScanningView.swift; sourceTree = "<group>"; };
		E911CE4A2B5076C300AC904F /* Assets.xcassets */ = {isa = PBXFileReference; lastKnownFileType = folder.assetcatalog; path = Assets.xcassets; sourceTree = "<group>"; };
		E911CE4D2B5076C300AC904F /* Preview Assets.xcassets */ = {isa = PBXFileReference; lastKnownFileType = folder.assetcatalog; path = "Preview Assets.xcassets"; sourceTree = "<group>"; };
		E911CE582B51A07B00AC904F /* StartButton.swift */ = {isa = PBXFileReference; lastKnownFileType = sourcecode.swift; path = StartButton.swift; sourceTree = "<group>"; };
		E911CE5A2B51A24D00AC904F /* Colors.xcassets */ = {isa = PBXFileReference; lastKnownFileType = folder.assetcatalog; path = Colors.xcassets; sourceTree = "<group>"; };
		E911CE5D2B52F28500AC904F /* StartScanningViewModel.swift */ = {isa = PBXFileReference; lastKnownFileType = sourcecode.swift; path = StartScanningViewModel.swift; sourceTree = "<group>"; };
		E911CE602B5307D200AC904F /* DocumentCameraView.swift */ = {isa = PBXFileReference; lastKnownFileType = sourcecode.swift; path = DocumentCameraView.swift; sourceTree = "<group>"; };
/* End PBXFileReference section */

/* Begin PBXFrameworksBuildPhase section */
		E911CE402B5076C200AC904F /* Frameworks */ = {
			isa = PBXFrameworksBuildPhase;
			buildActionMask = 2147483647;
			files = (
			);
			runOnlyForDeploymentPostprocessing = 0;
		};
/* End PBXFrameworksBuildPhase section */

/* Begin PBXGroup section */
		E911CE3A2B5076C200AC904F = {
			isa = PBXGroup;
			children = (
				E911CE452B5076C200AC904F /* Recognize-Text */,
				E911CE442B5076C200AC904F /* Products */,
			);
			sourceTree = "<group>";
		};
		E911CE442B5076C200AC904F /* Products */ = {
			isa = PBXGroup;
			children = (
				E911CE432B5076C200AC904F /* Recognize-Text.app */,
			);
			name = Products;
			sourceTree = "<group>";
		};
		E911CE452B5076C200AC904F /* Recognize-Text */ = {
			isa = PBXGroup;
			children = (
				E911CE5F2B5307C400AC904F /* Represantable */,
				E911CE542B51A04D00AC904F /* Scene */,
				E911CE5C2B51A25200AC904F /* Resource */,
				E911CE462B5076C200AC904F /* Recognize_TextApp.swift */,
				E911CE4C2B5076C300AC904F /* Preview Content */,
			);
			path = "Recognize-Text";
			sourceTree = "<group>";
		};
		E911CE4C2B5076C300AC904F /* Preview Content */ = {
			isa = PBXGroup;
			children = (
				E911CE4D2B5076C300AC904F /* Preview Assets.xcassets */,
			);
			path = "Preview Content";
			sourceTree = "<group>";
		};
		E911CE542B51A04D00AC904F /* Scene */ = {
			isa = PBXGroup;
			children = (
				E911CE562B51A06700AC904F /* Custom */,
				E911CE552B51A05D00AC904F /* StartScanning */,
			);
			path = Scene;
			sourceTree = "<group>";
		};
		E911CE552B51A05D00AC904F /* StartScanning */ = {
			isa = PBXGroup;
			children = (
				E911CE482B5076C200AC904F /* StartScanningView.swift */,
				E911CE5D2B52F28500AC904F /* StartScanningViewModel.swift */,
			);
			path = StartScanning;
			sourceTree = "<group>";
		};
		E911CE562B51A06700AC904F /* Custom */ = {
			isa = PBXGroup;
			children = (
				E911CE572B51A06E00AC904F /* Button */,
			);
			path = Custom;
			sourceTree = "<group>";
		};
		E911CE572B51A06E00AC904F /* Button */ = {
			isa = PBXGroup;
			children = (
				E911CE582B51A07B00AC904F /* StartButton.swift */,
			);
			path = Button;
			sourceTree = "<group>";
		};
		E911CE5C2B51A25200AC904F /* Resource */ = {
			isa = PBXGroup;
			children = (
				E911CE4A2B5076C300AC904F /* Assets.xcassets */,
				E911CE5A2B51A24D00AC904F /* Colors.xcassets */,
			);
			path = Resource;
			sourceTree = "<group>";
		};
		E911CE5F2B5307C400AC904F /* Represantable */ = {
			isa = PBXGroup;
			children = (
				E911CE602B5307D200AC904F /* DocumentCameraView.swift */,
			);
			path = Represantable;
			sourceTree = "<group>";
		};
/* End PBXGroup section */

/* Begin PBXNativeTarget section */
		E911CE422B5076C200AC904F /* Recognize-Text */ = {
			isa = PBXNativeTarget;
			buildConfigurationList = E911CE512B5076C300AC904F /* Build configuration list for PBXNativeTarget "Recognize-Text" */;
			buildPhases = (
				E911CE3F2B5076C200AC904F /* Sources */,
				E911CE402B5076C200AC904F /* Frameworks */,
				E911CE412B5076C200AC904F /* Resources */,
			);
			buildRules = (
			);
			dependencies = (
			);
			name = "Recognize-Text";
			productName = "Recognize-Text";
			productReference = E911CE432B5076C200AC904F /* Recognize-Text.app */;
			productType = "com.apple.product-type.application";
		};
/* End PBXNativeTarget section */

/* Begin PBXProject section */
		E911CE3B2B5076C200AC904F /* Project object */ = {
			isa = PBXProject;
			attributes = {
				BuildIndependentTargetsInParallel = 1;
				LastSwiftUpdateCheck = 1520;
				LastUpgradeCheck = 1520;
				TargetAttributes = {
					E911CE422B5076C200AC904F = {
						CreatedOnToolsVersion = 15.2;
					};
				};
			};
			buildConfigurationList = E911CE3E2B5076C200AC904F /* Build configuration list for PBXProject "Recognize-Text" */;
			compatibilityVersion = "Xcode 14.0";
			developmentRegion = en;
			hasScannedForEncodings = 0;
			knownRegions = (
				en,
				Base,
			);
			mainGroup = E911CE3A2B5076C200AC904F;
			productRefGroup = E911CE442B5076C200AC904F /* Products */;
			projectDirPath = "";
			projectRoot = "";
			targets = (
				E911CE422B5076C200AC904F /* Recognize-Text */,
			);
		};
/* End PBXProject section */

/* Begin PBXResourcesBuildPhase section */
		E911CE412B5076C200AC904F /* Resources */ = {
			isa = PBXResourcesBuildPhase;
			buildActionMask = 2147483647;
			files = (
				E911CE5B2B51A24D00AC904F /* Colors.xcassets in Resources */,
				E911CE4E2B5076C300AC904F /* Preview Assets.xcassets in Resources */,
				E911CE4B2B5076C300AC904F /* Assets.xcassets in Resources */,
			);
			runOnlyForDeploymentPostprocessing = 0;
		};
/* End PBXResourcesBuildPhase section */

/* Begin PBXSourcesBuildPhase section */
		E911CE3F2B5076C200AC904F /* Sources */ = {
			isa = PBXSourcesBuildPhase;
			buildActionMask = 2147483647;
			files = (
				E911CE592B51A07B00AC904F /* StartButton.swift in Sources */,
				E911CE492B5076C200AC904F /* StartScanningView.swift in Sources */,
				E911CE612B5307D200AC904F /* DocumentCameraView.swift in Sources */,
				E911CE5E2B52F28500AC904F /* StartScanningViewModel.swift in Sources */,
				E911CE472B5076C200AC904F /* Recognize_TextApp.swift in Sources */,
			);
			runOnlyForDeploymentPostprocessing = 0;
		};
/* End PBXSourcesBuildPhase section */

/* Begin XCBuildConfiguration section */
		E911CE4F2B5076C300AC904F /* Debug */ = {
			isa = XCBuildConfiguration;
			buildSettings = {
				ALWAYS_SEARCH_USER_PATHS = NO;
				ASSETCATALOG_COMPILER_GENERATE_SWIFT_ASSET_SYMBOL_EXTENSIONS = YES;
				CLANG_ANALYZER_NONNULL = YES;
				CLANG_ANALYZER_NUMBER_OBJECT_CONVERSION = YES_AGGRESSIVE;
				CLANG_CXX_LANGUAGE_STANDARD = "gnu++20";
				CLANG_ENABLE_MODULES = YES;
				CLANG_ENABLE_OBJC_ARC = YES;
				CLANG_ENABLE_OBJC_WEAK = YES;
				CLANG_WARN_BLOCK_CAPTURE_AUTORELEASING = YES;
				CLANG_WARN_BOOL_CONVERSION = YES;
				CLANG_WARN_COMMA = YES;
				CLANG_WARN_CONSTANT_CONVERSION = YES;
				CLANG_WARN_DEPRECATED_OBJC_IMPLEMENTATIONS = YES;
				CLANG_WARN_DIRECT_OBJC_ISA_USAGE = YES_ERROR;
				CLANG_WARN_DOCUMENTATION_COMMENTS = YES;
				CLANG_WARN_EMPTY_BODY = YES;
				CLANG_WARN_ENUM_CONVERSION = YES;
				CLANG_WARN_INFINITE_RECURSION = YES;
				CLANG_WARN_INT_CONVERSION = YES;
				CLANG_WARN_NON_LITERAL_NULL_CONVERSION = YES;
				CLANG_WARN_OBJC_IMPLICIT_RETAIN_SELF = YES;
				CLANG_WARN_OBJC_LITERAL_CONVERSION = YES;
				CLANG_WARN_OBJC_ROOT_CLASS = YES_ERROR;
				CLANG_WARN_QUOTED_INCLUDE_IN_FRAMEWORK_HEADER = YES;
				CLANG_WARN_RANGE_LOOP_ANALYSIS = YES;
				CLANG_WARN_STRICT_PROTOTYPES = YES;
				CLANG_WARN_SUSPICIOUS_MOVE = YES;
				CLANG_WARN_UNGUARDED_AVAILABILITY = YES_AGGRESSIVE;
				CLANG_WARN_UNREACHABLE_CODE = YES;
				CLANG_WARN__DUPLICATE_METHOD_MATCH = YES;
				COPY_PHASE_STRIP = NO;
				DEBUG_INFORMATION_FORMAT = dwarf;
				ENABLE_STRICT_OBJC_MSGSEND = YES;
				ENABLE_TESTABILITY = YES;
				ENABLE_USER_SCRIPT_SANDBOXING = YES;
				GCC_C_LANGUAGE_STANDARD = gnu17;
				GCC_DYNAMIC_NO_PIC = NO;
				GCC_NO_COMMON_BLOCKS = YES;
				GCC_OPTIMIZATION_LEVEL = 0;
				GCC_PREPROCESSOR_DEFINITIONS = (
					"DEBUG=1",
					"$(inherited)",
				);
				GCC_WARN_64_TO_32_BIT_CONVERSION = YES;
				GCC_WARN_ABOUT_RETURN_TYPE = YES_ERROR;
				GCC_WARN_UNDECLARED_SELECTOR = YES;
				GCC_WARN_UNINITIALIZED_AUTOS = YES_AGGRESSIVE;
				GCC_WARN_UNUSED_FUNCTION = YES;
				GCC_WARN_UNUSED_VARIABLE = YES;
				IPHONEOS_DEPLOYMENT_TARGET = 17.2;
				LOCALIZATION_PREFERS_STRING_CATALOGS = YES;
				MTL_ENABLE_DEBUG_INFO = INCLUDE_SOURCE;
				MTL_FAST_MATH = YES;
				ONLY_ACTIVE_ARCH = YES;
				SDKROOT = iphoneos;
				SWIFT_ACTIVE_COMPILATION_CONDITIONS = "DEBUG $(inherited)";
				SWIFT_OPTIMIZATION_LEVEL = "-Onone";
			};
			name = Debug;
		};
		E911CE502B5076C300AC904F /* Release */ = {
			isa = XCBuildConfiguration;
			buildSettings = {
				ALWAYS_SEARCH_USER_PATHS = NO;
				ASSETCATALOG_COMPILER_GENERATE_SWIFT_ASSET_SYMBOL_EXTENSIONS = YES;
				CLANG_ANALYZER_NONNULL = YES;
				CLANG_ANALYZER_NUMBER_OBJECT_CONVERSION = YES_AGGRESSIVE;
				CLANG_CXX_LANGUAGE_STANDARD = "gnu++20";
				CLANG_ENABLE_MODULES = YES;
				CLANG_ENABLE_OBJC_ARC = YES;
				CLANG_ENABLE_OBJC_WEAK = YES;
				CLANG_WARN_BLOCK_CAPTURE_AUTORELEASING = YES;
				CLANG_WARN_BOOL_CONVERSION = YES;
				CLANG_WARN_COMMA = YES;
				CLANG_WARN_CONSTANT_CONVERSION = YES;
				CLANG_WARN_DEPRECATED_OBJC_IMPLEMENTATIONS = YES;
				CLANG_WARN_DIRECT_OBJC_ISA_USAGE = YES_ERROR;
				CLANG_WARN_DOCUMENTATION_COMMENTS = YES;
				CLANG_WARN_EMPTY_BODY = YES;
				CLANG_WARN_ENUM_CONVERSION = YES;
				CLANG_WARN_INFINITE_RECURSION = YES;
				CLANG_WARN_INT_CONVERSION = YES;
				CLANG_WARN_NON_LITERAL_NULL_CONVERSION = YES;
				CLANG_WARN_OBJC_IMPLICIT_RETAIN_SELF = YES;
				CLANG_WARN_OBJC_LITERAL_CONVERSION = YES;
				CLANG_WARN_OBJC_ROOT_CLASS = YES_ERROR;
				CLANG_WARN_QUOTED_INCLUDE_IN_FRAMEWORK_HEADER = YES;
				CLANG_WARN_RANGE_LOOP_ANALYSIS = YES;
				CLANG_WARN_STRICT_PROTOTYPES = YES;
				CLANG_WARN_SUSPICIOUS_MOVE = YES;
				CLANG_WARN_UNGUARDED_AVAILABILITY = YES_AGGRESSIVE;
				CLANG_WARN_UNREACHABLE_CODE = YES;
				CLANG_WARN__DUPLICATE_METHOD_MATCH = YES;
				COPY_PHASE_STRIP = NO;
				DEBUG_INFORMATION_FORMAT = "dwarf-with-dsym";
				ENABLE_NS_ASSERTIONS = NO;
				ENABLE_STRICT_OBJC_MSGSEND = YES;
				ENABLE_USER_SCRIPT_SANDBOXING = YES;
				GCC_C_LANGUAGE_STANDARD = gnu17;
				GCC_NO_COMMON_BLOCKS = YES;
				GCC_WARN_64_TO_32_BIT_CONVERSION = YES;
				GCC_WARN_ABOUT_RETURN_TYPE = YES_ERROR;
				GCC_WARN_UNDECLARED_SELECTOR = YES;
				GCC_WARN_UNINITIALIZED_AUTOS = YES_AGGRESSIVE;
				GCC_WARN_UNUSED_FUNCTION = YES;
				GCC_WARN_UNUSED_VARIABLE = YES;
				IPHONEOS_DEPLOYMENT_TARGET = 17.2;
				LOCALIZATION_PREFERS_STRING_CATALOGS = YES;
				MTL_ENABLE_DEBUG_INFO = NO;
				MTL_FAST_MATH = YES;
				SDKROOT = iphoneos;
				SWIFT_COMPILATION_MODE = wholemodule;
				VALIDATE_PRODUCT = YES;
			};
			name = Release;
		};
		E911CE522B5076C300AC904F /* Debug */ = {
			isa = XCBuildConfiguration;
			buildSettings = {
				ASSETCATALOG_COMPILER_APPICON_NAME = AppIcon;
				ASSETCATALOG_COMPILER_GLOBAL_ACCENT_COLOR_NAME = AccentColor;
				CODE_SIGN_STYLE = Automatic;
				CURRENT_PROJECT_VERSION = 1;
				DEVELOPMENT_ASSET_PATHS = "\"Recognize-Text/Preview Content\"";
				DEVELOPMENT_TEAM = 8F8TZUV25Z;
				ENABLE_PREVIEWS = YES;
				GENERATE_INFOPLIST_FILE = YES;
				INFOPLIST_KEY_NSCameraUsageDescription = "The app requires your permission to scan text";
				INFOPLIST_KEY_UIApplicationSceneManifest_Generation = YES;
				INFOPLIST_KEY_UIApplicationSupportsIndirectInputEvents = YES;
				INFOPLIST_KEY_UILaunchScreen_Generation = YES;
				INFOPLIST_KEY_UISupportedInterfaceOrientations_iPad = "UIInterfaceOrientationPortrait UIInterfaceOrientationPortraitUpsideDown UIInterfaceOrientationLandscapeLeft UIInterfaceOrientationLandscapeRight";
				INFOPLIST_KEY_UISupportedInterfaceOrientations_iPhone = "UIInterfaceOrientationPortrait UIInterfaceOrientationLandscapeLeft UIInterfaceOrientationLandscapeRight";
				IPHONEOS_DEPLOYMENT_TARGET = 17.0;
				LD_RUNPATH_SEARCH_PATHS = (
					"$(inherited)",
					"@executable_path/Frameworks",
				);
				MARKETING_VERSION = 1.0;
				PRODUCT_BUNDLE_IDENTIFIER = "com.mculha.Recognize-Text";
				PRODUCT_NAME = "$(TARGET_NAME)";
				SWIFT_EMIT_LOC_STRINGS = YES;
				SWIFT_VERSION = 5.0;
				TARGETED_DEVICE_FAMILY = "1,2";
			};
			name = Debug;
		};
		E911CE532B5076C300AC904F /* Release */ = {
			isa = XCBuildConfiguration;
			buildSettings = {
				ASSETCATALOG_COMPILER_APPICON_NAME = AppIcon;
				ASSETCATALOG_COMPILER_GLOBAL_ACCENT_COLOR_NAME = AccentColor;
				CODE_SIGN_STYLE = Automatic;
				CURRENT_PROJECT_VERSION = 1;
				DEVELOPMENT_ASSET_PATHS = "\"Recognize-Text/Preview Content\"";
				DEVELOPMENT_TEAM = 8F8TZUV25Z;
				ENABLE_PREVIEWS = YES;
				GENERATE_INFOPLIST_FILE = YES;
				INFOPLIST_KEY_NSCameraUsageDescription = "The app requires your permission to scan text";
				INFOPLIST_KEY_UIApplicationSceneManifest_Generation = YES;
				INFOPLIST_KEY_UIApplicationSupportsIndirectInputEvents = YES;
				INFOPLIST_KEY_UILaunchScreen_Generation = YES;
				INFOPLIST_KEY_UISupportedInterfaceOrientations_iPad = "UIInterfaceOrientationPortrait UIInterfaceOrientationPortraitUpsideDown UIInterfaceOrientationLandscapeLeft UIInterfaceOrientationLandscapeRight";
				INFOPLIST_KEY_UISupportedInterfaceOrientations_iPhone = "UIInterfaceOrientationPortrait UIInterfaceOrientationLandscapeLeft UIInterfaceOrientationLandscapeRight";
				IPHONEOS_DEPLOYMENT_TARGET = 17.0;
				LD_RUNPATH_SEARCH_PATHS = (
					"$(inherited)",
					"@executable_path/Frameworks",
				);
				MARKETING_VERSION = 1.0;
				PRODUCT_BUNDLE_IDENTIFIER = "com.mculha.Recognize-Text";
				PRODUCT_NAME = "$(TARGET_NAME)";
				SWIFT_EMIT_LOC_STRINGS = YES;
				SWIFT_VERSION = 5.0;
				TARGETED_DEVICE_FAMILY = "1,2";
			};
			name = Release;
		};
/* End XCBuildConfiguration section */

/* Begin XCConfigurationList section */
		E911CE3E2B5076C200AC904F /* Build configuration list for PBXProject "Recognize-Text" */ = {
			isa = XCConfigurationList;
			buildConfigurations = (
				E911CE4F2B5076C300AC904F /* Debug */,
				E911CE502B5076C300AC904F /* Release */,
			);
			defaultConfigurationIsVisible = 0;
			defaultConfigurationName = Release;
		};
		E911CE512B5076C300AC904F /* Build configuration list for PBXNativeTarget "Recognize-Text" */ = {
			isa = XCConfigurationList;
			buildConfigurations = (
				E911CE522B5076C300AC904F /* Debug */,
				E911CE532B5076C300AC904F /* Release */,
			);
			defaultConfigurationIsVisible = 0;
			defaultConfigurationName = Release;
		};
/* End XCConfigurationList section */
	};
	rootObject = E911CE3B2B5076C200AC904F /* Project object */;
}
